
Microsoft Visual Studio Solution File, Format Version 12.00
# Visual Studio Version 17
VisualStudioVersion = 17.7.34024.191
MinimumVisualStudioVersion = 10.0.40219.1
Project("{8BC9CEB8-8B4A-11D0-8D11-00A0C91BC942}") = "Sandbox", "Sandbox\Sandbox.vcxproj", "{10A8FC50-0999-460C-9182-4BDD587D3E72}"
EndProject
Project("{8BC9CEB8-8B4A-11D0-8D11-00A0C91BC942}") = "Pressia", "Pressia\Pressia.vcxproj", "{B4F72015-4FBA-4016-A3F6-54C98CF1CDC1}"
EndProject
Global
	GlobalSection(SolutionConfigurationPlatforms) = preSolution
		Debug|x64 = Debug|x64
		Release|x64 = Release|x64
	EndGlobalSection
	GlobalSection(ProjectConfigurationPlatforms) = postSolution
		{B4F72015-4FBA-4016-A3F6-54C98CF1CDC1}.Debug|x64.ActiveCfg = Debug|x64
		{B4F72015-4FBA-4016-A3F6-54C98CF1CDC1}.Debug|x64.Build.0 = Debug|x64
		{B4F72015-4FBA-4016-A3F6-54C98CF1CDC1}.Release|x64.ActiveCfg = Release|x64
		{B4F72015-4FBA-4016-A3F6-54C98CF1CDC1}.Release|x64.Build.0 = Release|x64
		{10A8FC50-0999-460C-9182-4BDD587D3E72}.Debug|x64.ActiveCfg = Debug|x64
		{10A8FC50-0999-460C-9182-4BDD587D3E72}.Debug|x64.Build.0 = Debug|x64
		{10A8FC50-0999-460C-9182-4BDD587D3E72}.Release|x64.ActiveCfg = Release|x64
		{10A8FC50-0999-460C-9182-4BDD587D3E72}.Release|x64.Build.0 = Release|x64
	EndGlobalSection
	GlobalSection(SolutionProperties) = preSolution
		HideSolutionNode = FALSE
	EndGlobalSection
	GlobalSection(ExtensibilityGlobals) = postSolution
		SolutionGuid = {B92B6EB1-1846-459E-BC77-F752F386C8BC}
	EndGlobalSection
EndGlobal
