<?xml version="1.0" encoding="utf-8"?>
<Project ToolsVersion="4.0" xmlns="http://schemas.microsoft.com/developer/msbuild/2003">
  <ItemGroup>
    <Filter Include="src">
      <UniqueIdentifier>{2DAB880B-99B4-887C-2230-9F7C8E38947C}</UniqueIdentifier>
    </Filter>
    <Filter Include="src\Pressia">
      <UniqueIdentifier>{13637D2C-7F18-F621-080D-F0F874C1EC25}</UniqueIdentifier>
    </Filter>
    <Filter Include="src\Pressia\Events">
      <UniqueIdentifier>{977B8867-835F-49BD-ECBF-4310D8C2333F}</UniqueIdentifier>
    </Filter>
    <Filter Include="src\Pressia\ImGui">
      <UniqueIdentifier>{7D9A56C5-E9B0-545B-3228-E07C9E7D25E3}</UniqueIdentifier>
    </Filter>
    <Filter Include="src\Pressia\Platform">
      <UniqueIdentifier>{C7C4B387-B353-3D51-5C72-514C48E04DF7}</UniqueIdentifier>
    </Filter>
    <Filter Include="src\Pressia\Platform\OpenGL">
      <UniqueIdentifier>{1B68D870-8775-0657-105C-02427C68D20D}</UniqueIdentifier>
    </Filter>
    <Filter Include="src\Pressia\Platform\Windows">
      <UniqueIdentifier>{014601E4-ED00-F18F-96B8-69DA82523B20}</UniqueIdentifier>
    </Filter>
    <Filter Include="src\Pressia\Renderer">
      <UniqueIdentifier>{19CC9062-055B-1A2C-AE79-2E279AE72AD2}</UniqueIdentifier>
    </Filter>
    <Filter Include="vendor">
      <UniqueIdentifier>{B3738122-9F15-ACF8-88D0-BF4C74113349}</UniqueIdentifier>
    </Filter>
    <Filter Include="vendor\glm">
      <UniqueIdentifier>{829FC5A8-6E57-07F6-D75E-E051C335A2E6}</UniqueIdentifier>
    </Filter>
  </ItemGroup>
  <ItemGroup>
    <ClInclude Include="src\Pressia.h">
      <Filter>src</Filter>
    </ClInclude>
    <ClInclude Include="src\Pressia\Application.h">
      <Filter>src\Pressia</Filter>
    </ClInclude>
    <ClInclude Include="src\Pressia\Core.h">
      <Filter>src\Pressia</Filter>
    </ClInclude>
    <ClInclude Include="src\Pressia\EntryPoint.h">
      <Filter>src\Pressia</Filter>
    </ClInclude>
    <ClInclude Include="src\Pressia\Events\ApplicationEvent.h">
      <Filter>src\Pressia\Events</Filter>
    </ClInclude>
    <ClInclude Include="src\Pressia\Events\Event.h">
      <Filter>src\Pressia\Events</Filter>
    </ClInclude>
    <ClInclude Include="src\Pressia\Events\KeyEvent.h">
      <Filter>src\Pressia\Events</Filter>
    </ClInclude>
    <ClInclude Include="src\Pressia\Events\MouseEvent.h">
      <Filter>src\Pressia\Events</Filter>
    </ClInclude>
    <ClInclude Include="src\Pressia\ImGui\ImGuiLayer.h">
      <Filter>src\Pressia\ImGui</Filter>
    </ClInclude>
    <ClInclude Include="src\Pressia\Input.h">
      <Filter>src\Pressia</Filter>
    </ClInclude>
    <ClInclude Include="src\Pressia\KeyCodes.h">
      <Filter>src\Pressia</Filter>
    </ClInclude>
    <ClInclude Include="src\Pressia\Layer.h">
      <Filter>src\Pressia</Filter>
    </ClInclude>
    <ClInclude Include="src\Pressia\LayerStack.h">
      <Filter>src\Pressia</Filter>
    </ClInclude>
    <ClInclude Include="src\Pressia\Log.h">
      <Filter>src\Pressia</Filter>
    </ClInclude>
    <ClInclude Include="src\Pressia\MouseButtonCodes.h">
      <Filter>src\Pressia</Filter>
    </ClInclude>
    <ClInclude Include="src\Pressia\Platform\OpenGL\OpenGLContext.h">
      <Filter>src\Pressia\Platform\OpenGL</Filter>
    </ClInclude>
    <ClInclude Include="src\Pressia\Platform\Windows\WindowsInput.h">
      <Filter>src\Pressia\Platform\Windows</Filter>
    </ClInclude>
    <ClInclude Include="src\Pressia\Platform\Windows\WindowsWindow.h">
      <Filter>src\Pressia\Platform\Windows</Filter>
    </ClInclude>
    <ClInclude Include="src\Pressia\Renderer\GraphicsContext.h">
      <Filter>src\Pressia\Renderer</Filter>
    </ClInclude>
    <ClInclude Include="src\Pressia\Window.h">
      <Filter>src\Pressia</Filter>
    </ClInclude>
    <ClInclude Include="src\pspch.h">
      <Filter>src</Filter>
    </ClInclude>
    <ClInclude Include="vendor\glm\glm.hpp">
      <Filter>vendor\glm</Filter>
    </ClInclude>
    <ClInclude Include="vendor\glm\glm.inl">
      <Filter>vendor\glm</Filter>
    </ClInclude>
  </ItemGroup>
  <ItemGroup>
    <ClCompile Include="src\Pressia\Application.cpp">
      <Filter>src\Pressia</Filter>
    </ClCompile>
    <ClCompile Include="src\Pressia\ImGui\ImGuiBuild.cpp">
      <Filter>src\Pressia\ImGui</Filter>
    </ClCompile>
    <ClCompile Include="src\Pressia\ImGui\ImGuiLayer.cpp">
      <Filter>src\Pressia\ImGui</Filter>
    </ClCompile>
    <ClCompile Include="src\Pressia\Layer.cpp">
      <Filter>src\Pressia</Filter>
    </ClCompile>
    <ClCompile Include="src\Pressia\LayerStack.cpp">
      <Filter>src\Pressia</Filter>
    </ClCompile>
    <ClCompile Include="src\Pressia\Log.cpp">
      <Filter>src\Pressia</Filter>
    </ClCompile>
    <ClCompile Include="src\Pressia\Platform\OpenGL\OpenGLContext.cpp">
      <Filter>src\Pressia\Platform\OpenGL</Filter>
    </ClCompile>
    <ClCompile Include="src\Pressia\Platform\Windows\WindowsInput.cpp">
      <Filter>src\Pressia\Platform\Windows</Filter>
    </ClCompile>
    <ClCompile Include="src\Pressia\Platform\Windows\WindowsWindow.cpp">
      <Filter>src\Pressia\Platform\Windows</Filter>
    </ClCompile>
    <ClCompile Include="src\pspch.cpp">
      <Filter>src</Filter>
    </ClCompile>
  </ItemGroup>
</Project>