<?xml version="1.0" encoding="utf-8"?>
<Project ToolsVersion="4.0" xmlns="http://schemas.microsoft.com/developer/msbuild/2003">
  <ItemGroup>
    <Filter Include="Pressia">
      <UniqueIdentifier>{FC624323-6842-C2BE-715A-4D95DDB82820}</UniqueIdentifier>
    </Filter>
  </ItemGroup>
  <ItemGroup>
    <ClInclude Include="src\Pressia.h" />
    <ClInclude Include="src\Pressia\Application.h">
      <Filter>Pressia</Filter>
    </ClInclude>
    <ClInclude Include="src\Pressia\Core.h">
      <Filter>Pressia</Filter>
    </ClInclude>
    <ClInclude Include="src\Pressia\EntryPoint.h">
      <Filter>Pressia</Filter>
    </ClInclude>
    <ClInclude Include="src\Pressia\Log.h">
      <Filter>Pressia</Filter>
    </ClInclude>
  </ItemGroup>
  <ItemGroup>
    <ClCompile Include="src\Pressia\Application.cpp">
      <Filter>Pressia</Filter>
    </ClCompile>
    <ClCompile Include="src\Pressia\Log.cpp">
      <Filter>Pressia</Filter>
    </ClCompile>
  </ItemGroup>
</Project>