<?xml version="1.0" encoding="utf-8"?>
<Project ToolsVersion="4.0" xmlns="http://schemas.microsoft.com/developer/msbuild/2003">
  <ItemGroup>
    <Filter Include="src">
      <UniqueIdentifier>{2DAB880B-99B4-887C-2230-9F7C8E38947C}</UniqueIdentifier>
    </Filter>
    <Filter Include="src\Platform">
      <UniqueIdentifier>{21CA02E5-0D2D-9289-B6B2-CA3FA2F45D0C}</UniqueIdentifier>
    </Filter>
    <Filter Include="src\Platform\OpenGL">
      <UniqueIdentifier>{35A49437-A105-7245-2A73-B8F796D3A804}</UniqueIdentifier>
    </Filter>
    <Filter Include="src\Platform\Windows">
      <UniqueIdentifier>{5B054582-4794-CE4B-F0B2-E246DC20DFF1}</UniqueIdentifier>
    </Filter>
    <Filter Include="src\Pressia">
      <UniqueIdentifier>{13637D2C-7F18-F621-080D-F0F874C1EC25}</UniqueIdentifier>
    </Filter>
    <Filter Include="src\Pressia\Core">
      <UniqueIdentifier>{4B6B1EA1-3764-3DF3-6096-22784CEE1CFF}</UniqueIdentifier>
    </Filter>
    <Filter Include="src\Pressia\Debug">
      <UniqueIdentifier>{C92FF8C4-3546-F65A-7EBD-817CEA12C7E2}</UniqueIdentifier>
    </Filter>
    <Filter Include="src\Pressia\Events">
      <UniqueIdentifier>{977B8867-835F-49BD-ECBF-4310D8C2333F}</UniqueIdentifier>
    </Filter>
    <Filter Include="src\Pressia\ImGui">
      <UniqueIdentifier>{7D9A56C5-E9B0-545B-3228-E07C9E7D25E3}</UniqueIdentifier>
    </Filter>
    <Filter Include="src\Pressia\Renderer">
      <UniqueIdentifier>{19CC9062-055B-1A2C-AE79-2E279AE72AD2}</UniqueIdentifier>
    </Filter>
    <Filter Include="vendor">
      <UniqueIdentifier>{B3738122-9F15-ACF8-88D0-BF4C74113349}</UniqueIdentifier>
    </Filter>
    <Filter Include="vendor\glm">
      <UniqueIdentifier>{829FC5A8-6E57-07F6-D75E-E051C335A2E6}</UniqueIdentifier>
    </Filter>
    <Filter Include="vendor\stb_image">
      <UniqueIdentifier>{0DA0BA59-F998-D9AB-22CB-BE300E23B9B7}</UniqueIdentifier>
    </Filter>
  </ItemGroup>
  <ItemGroup>
    <ClInclude Include="src\Platform\OpenGL\OpenGLBuffer.h">
      <Filter>src\Platform\OpenGL</Filter>
    </ClInclude>
    <ClInclude Include="src\Platform\OpenGL\OpenGLContext.h">
      <Filter>src\Platform\OpenGL</Filter>
    </ClInclude>
    <ClInclude Include="src\Platform\OpenGL\OpenGLRendererAPI.h">
      <Filter>src\Platform\OpenGL</Filter>
    </ClInclude>
    <ClInclude Include="src\Platform\OpenGL\OpenGLShader.h">
      <Filter>src\Platform\OpenGL</Filter>
    </ClInclude>
    <ClInclude Include="src\Platform\OpenGL\OpenGLTexture.h">
      <Filter>src\Platform\OpenGL</Filter>
    </ClInclude>
    <ClInclude Include="src\Platform\OpenGL\OpenGLVertexArray.h">
      <Filter>src\Platform\OpenGL</Filter>
    </ClInclude>
    <ClInclude Include="src\Platform\Windows\WindowsInput.h">
      <Filter>src\Platform\Windows</Filter>
    </ClInclude>
    <ClInclude Include="src\Platform\Windows\WindowsWindow.h">
      <Filter>src\Platform\Windows</Filter>
    </ClInclude>
    <ClInclude Include="src\Pressia.h">
      <Filter>src</Filter>
    </ClInclude>
    <ClInclude Include="src\Pressia\Core\Application.h">
      <Filter>src\Pressia\Core</Filter>
    </ClInclude>
    <ClInclude Include="src\Pressia\Core\Core.h">
      <Filter>src\Pressia\Core</Filter>
    </ClInclude>
    <ClInclude Include="src\Pressia\Core\CoreConfig.h">
      <Filter>src\Pressia\Core</Filter>
    </ClInclude>
    <ClInclude Include="src\Pressia\Core\EntryPoint.h">
      <Filter>src\Pressia\Core</Filter>
    </ClInclude>
    <ClInclude Include="src\Pressia\Core\Input.h">
      <Filter>src\Pressia\Core</Filter>
    </ClInclude>
    <ClInclude Include="src\Pressia\Core\KeyCodes.h">
      <Filter>src\Pressia\Core</Filter>
    </ClInclude>
    <ClInclude Include="src\Pressia\Core\Layer.h">
      <Filter>src\Pressia\Core</Filter>
    </ClInclude>
    <ClInclude Include="src\Pressia\Core\LayerStack.h">
      <Filter>src\Pressia\Core</Filter>
    </ClInclude>
    <ClInclude Include="src\Pressia\Core\Log.h">
      <Filter>src\Pressia\Core</Filter>
    </ClInclude>
    <ClInclude Include="src\Pressia\Core\MouseButtonCodes.h">
      <Filter>src\Pressia\Core</Filter>
    </ClInclude>
    <ClInclude Include="src\Pressia\Core\TimeStep.h">
      <Filter>src\Pressia\Core</Filter>
    </ClInclude>
    <ClInclude Include="src\Pressia\Core\Window.h">
      <Filter>src\Pressia\Core</Filter>
    </ClInclude>
    <ClInclude Include="src\Pressia\Debug\Instrumentor.h">
      <Filter>src\Pressia\Debug</Filter>
    </ClInclude>
    <ClInclude Include="src\Pressia\Events\ApplicationEvent.h">
      <Filter>src\Pressia\Events</Filter>
    </ClInclude>
    <ClInclude Include="src\Pressia\Events\Event.h">
      <Filter>src\Pressia\Events</Filter>
    </ClInclude>
    <ClInclude Include="src\Pressia\Events\KeyEvent.h">
      <Filter>src\Pressia\Events</Filter>
    </ClInclude>
    <ClInclude Include="src\Pressia\Events\MouseEvent.h">
      <Filter>src\Pressia\Events</Filter>
    </ClInclude>
    <ClInclude Include="src\Pressia\ImGui\ImGuiLayer.h">
      <Filter>src\Pressia\ImGui</Filter>
    </ClInclude>
    <ClInclude Include="src\Pressia\OrthographicCameraController.h">
      <Filter>src\Pressia</Filter>
    </ClInclude>
    <ClInclude Include="src\Pressia\Renderer\Buffer.h">
      <Filter>src\Pressia\Renderer</Filter>
    </ClInclude>
    <ClInclude Include="src\Pressia\Renderer\GraphicsContext.h">
      <Filter>src\Pressia\Renderer</Filter>
    </ClInclude>
    <ClInclude Include="src\Pressia\Renderer\OrthographicCamera.h">
      <Filter>src\Pressia\Renderer</Filter>
    </ClInclude>
    <ClInclude Include="src\Pressia\Renderer\RenderCommand.h">
      <Filter>src\Pressia\Renderer</Filter>
    </ClInclude>
    <ClInclude Include="src\Pressia\Renderer\Renderer.h">
      <Filter>src\Pressia\Renderer</Filter>
    </ClInclude>
    <ClInclude Include="src\Pressia\Renderer\Renderer2D.h">
      <Filter>src\Pressia\Renderer</Filter>
    </ClInclude>
    <ClInclude Include="src\Pressia\Renderer\RendererAPI.h">
      <Filter>src\Pressia\Renderer</Filter>
    </ClInclude>
    <ClInclude Include="src\Pressia\Renderer\Shader.h">
      <Filter>src\Pressia\Renderer</Filter>
    </ClInclude>
    <ClInclude Include="src\Pressia\Renderer\Texture.h">
      <Filter>src\Pressia\Renderer</Filter>
    </ClInclude>
    <ClInclude Include="src\Pressia\Renderer\VertexArray.h">
      <Filter>src\Pressia\Renderer</Filter>
    </ClInclude>
    <ClInclude Include="src\pspch.h">
      <Filter>src</Filter>
    </ClInclude>
    <ClInclude Include="vendor\glm\glm.hpp">
      <Filter>vendor\glm</Filter>
    </ClInclude>
    <ClInclude Include="vendor\glm\glm.inl">
      <Filter>vendor\glm</Filter>
    </ClInclude>
    <ClInclude Include="vendor\stb_image\stb_image.h">
      <Filter>vendor\stb_image</Filter>
    </ClInclude>
  </ItemGroup>
  <ItemGroup>
    <ClCompile Include="src\Platform\OpenGL\OpenGLBuffer.cpp">
      <Filter>src\Platform\OpenGL</Filter>
    </ClCompile>
    <ClCompile Include="src\Platform\OpenGL\OpenGLContext.cpp">
      <Filter>src\Platform\OpenGL</Filter>
    </ClCompile>
    <ClCompile Include="src\Platform\OpenGL\OpenGLRendererAPI.cpp">
      <Filter>src\Platform\OpenGL</Filter>
    </ClCompile>
    <ClCompile Include="src\Platform\OpenGL\OpenGLShader.cpp">
      <Filter>src\Platform\OpenGL</Filter>
    </ClCompile>
    <ClCompile Include="src\Platform\OpenGL\OpenGLTexture.cpp">
      <Filter>src\Platform\OpenGL</Filter>
    </ClCompile>
    <ClCompile Include="src\Platform\OpenGL\OpenGLVertexArray.cpp">
      <Filter>src\Platform\OpenGL</Filter>
    </ClCompile>
    <ClCompile Include="src\Platform\Windows\WindowsInput.cpp">
      <Filter>src\Platform\Windows</Filter>
    </ClCompile>
    <ClCompile Include="src\Platform\Windows\WindowsWindow.cpp">
      <Filter>src\Platform\Windows</Filter>
    </ClCompile>
    <ClCompile Include="src\Pressia\Core\Application.cpp">
      <Filter>src\Pressia\Core</Filter>
    </ClCompile>
    <ClCompile Include="src\Pressia\Core\Layer.cpp">
      <Filter>src\Pressia\Core</Filter>
    </ClCompile>
    <ClCompile Include="src\Pressia\Core\LayerStack.cpp">
      <Filter>src\Pressia\Core</Filter>
    </ClCompile>
    <ClCompile Include="src\Pressia\Core\Log.cpp">
      <Filter>src\Pressia\Core</Filter>
    </ClCompile>
    <ClCompile Include="src\Pressia\ImGui\ImGuiBuild.cpp">
      <Filter>src\Pressia\ImGui</Filter>
    </ClCompile>
    <ClCompile Include="src\Pressia\ImGui\ImGuiLayer.cpp">
      <Filter>src\Pressia\ImGui</Filter>
    </ClCompile>
    <ClCompile Include="src\Pressia\OrthographicCameraController.cpp">
      <Filter>src\Pressia</Filter>
    </ClCompile>
    <ClCompile Include="src\Pressia\Renderer\Buffer.cpp">
      <Filter>src\Pressia\Renderer</Filter>
    </ClCompile>
    <ClCompile Include="src\Pressia\Renderer\OrthographicCamera.cpp">
      <Filter>src\Pressia\Renderer</Filter>
    </ClCompile>
    <ClCompile Include="src\Pressia\Renderer\RenderCommand.cpp">
      <Filter>src\Pressia\Renderer</Filter>
    </ClCompile>
    <ClCompile Include="src\Pressia\Renderer\Renderer.cpp">
      <Filter>src\Pressia\Renderer</Filter>
    </ClCompile>
    <ClCompile Include="src\Pressia\Renderer\Renderer2D.cpp">
      <Filter>src\Pressia\Renderer</Filter>
    </ClCompile>
    <ClCompile Include="src\Pressia\Renderer\RendererAPI.cpp">
      <Filter>src\Pressia\Renderer</Filter>
    </ClCompile>
    <ClCompile Include="src\Pressia\Renderer\Shader.cpp">
      <Filter>src\Pressia\Renderer</Filter>
    </ClCompile>
    <ClCompile Include="src\Pressia\Renderer\Texture.cpp">
      <Filter>src\Pressia\Renderer</Filter>
    </ClCompile>
    <ClCompile Include="src\Pressia\Renderer\VertexArray.cpp">
      <Filter>src\Pressia\Renderer</Filter>
    </ClCompile>
    <ClCompile Include="src\pspch.cpp">
      <Filter>src</Filter>
    </ClCompile>
    <ClCompile Include="vendor\stb_image\stb_image.cpp">
      <Filter>vendor\stb_image</Filter>
    </ClCompile>
  </ItemGroup>
</Project>